{
  "requires": true,
  "lockfileVersion": 1,
  "dependencies": {
    "vue-cli-plugin-element-plus": {
      "version": "0.0.13",
      "resolved": "https://registry.npmjs.org/vue-cli-plugin-element-plus/-/vue-cli-plugin-element-plus-0.0.13.tgz",
      "integrity": "sha512-ctG5mynJIyGLFBhS2JpzXmBWT3JRXwzMm5AoANUmBlbZHTruct1xQF2OKM/mfJv6tSfqCcEfgH8rGCAY5ca83Q==",
      "dev": true
    }
  }
}
